// !$*UTF8*$!
{
	archiveVersion = 1;
	classes = {
	};
	objectVersion = 46;
	objects = {

/* Begin PBXBuildFile section */
		464D04F01BD2258200E0E90A /* CRToast.framework in Frameworks */ = {isa = PBXBuildFile; fileRef = 464D04E61BD2248100E0E90A /* CRToast.framework */; };
		464D04F11BD2258200E0E90A /* CRToast.framework in Embed Frameworks */ = {isa = PBXBuildFile; fileRef = 464D04E61BD2248100E0E90A /* CRToast.framework */; settings = {ATTRIBUTES = (CodeSignOnCopy, RemoveHeadersOnCopy, ); }; };
		5E2FFB5718367C01003333F8 /* Foundation.framework in Frameworks */ = {isa = PBXBuildFile; fileRef = 5E2FFB5618367C01003333F8 /* Foundation.framework */; };
		5E2FFB5918367C01003333F8 /* CoreGraphics.framework in Frameworks */ = {isa = PBXBuildFile; fileRef = 5E2FFB5818367C01003333F8 /* CoreGraphics.framework */; };
		5E2FFB5B18367C01003333F8 /* UIKit.framework in Frameworks */ = {isa = PBXBuildFile; fileRef = 5E2FFB5A18367C01003333F8 /* UIKit.framework */; };
		5E2FFB6118367C01003333F8 /* InfoPlist.strings in Resources */ = {isa = PBXBuildFile; fileRef = 5E2FFB5F18367C01003333F8 /* InfoPlist.strings */; };
		5E2FFB6318367C01003333F8 /* main.m in Sources */ = {isa = PBXBuildFile; fileRef = 5E2FFB6218367C01003333F8 /* main.m */; };
		5E2FFB6718367C01003333F8 /* AppDelegate.m in Sources */ = {isa = PBXBuildFile; fileRef = 5E2FFB6618367C01003333F8 /* AppDelegate.m */; };
		5E2FFB6918367C01003333F8 /* Images.xcassets in Resources */ = {isa = PBXBuildFile; fileRef = 5E2FFB6818367C01003333F8 /* Images.xcassets */; };
		5E2FFB8E18367CA3003333F8 /* MainViewController.m in Sources */ = {isa = PBXBuildFile; fileRef = 5E2FFB8C18367CA3003333F8 /* MainViewController.m */; };
		5E2FFB8F18367CA3003333F8 /* MainViewController.xib in Resources */ = {isa = PBXBuildFile; fileRef = 5E2FFB8D18367CA3003333F8 /* MainViewController.xib */; };
/* End PBXBuildFile section */

/* Begin PBXContainerItemProxy section */
		464D04E51BD2248100E0E90A /* PBXContainerItemProxy */ = {
			isa = PBXContainerItemProxy;
			containerPortal = 464D04DF1BD2248100E0E90A /* CRToast.xcodeproj */;
			proxyType = 2;
			remoteGlobalIDString = 65986EC11B9E21DC00BCA1C3;
			remoteInfo = CRToast;
		};
		464D04E71BD2248100E0E90A /* PBXContainerItemProxy */ = {
			isa = PBXContainerItemProxy;
			containerPortal = 464D04DF1BD2248100E0E90A /* CRToast.xcodeproj */;
			proxyType = 2;
			remoteGlobalIDString = 464D04B61BD21BE600E0E90A;
			remoteInfo = "CRToast-static";
		};
		464D04E91BD2248100E0E90A /* PBXContainerItemProxy */ = {
			isa = PBXContainerItemProxy;
			containerPortal = 464D04DF1BD2248100E0E90A /* CRToast.xcodeproj */;
			proxyType = 2;
			remoteGlobalIDString = 464D04C81BD2218900E0E90A;
			remoteInfo = Tests;
		};
		464D04F21BD2258200E0E90A /* PBXContainerItemProxy */ = {
			isa = PBXContainerItemProxy;
			containerPortal = 464D04DF1BD2248100E0E90A /* CRToast.xcodeproj */;
			proxyType = 1;
			remoteGlobalIDString = 65986EC01B9E21DC00BCA1C3;
			remoteInfo = CRToast;
		};
/* End PBXContainerItemProxy section */

/* Begin PBXCopyFilesBuildPhase section */
		464D04F41BD2258300E0E90A /* Embed Frameworks */ = {
			isa = PBXCopyFilesBuildPhase;
			buildActionMask = 2147483647;
			dstPath = "";
			dstSubfolderSpec = 10;
			files = (
				464D04F11BD2258200E0E90A /* CRToast.framework in Embed Frameworks */,
			);
			name = "Embed Frameworks";
			runOnlyForDeploymentPostprocessing = 0;
		};
/* End PBXCopyFilesBuildPhase section */

/* Begin PBXFileReference section */
		464D04DF1BD2248100E0E90A /* CRToast.xcodeproj */ = {isa = PBXFileReference; lastKnownFileType = "wrapper.pb-project"; name = CRToast.xcodeproj; path = ../CRToast.xcodeproj; sourceTree = "<group>"; };
		5E2FFB5318367C01003333F8 /* CRToastDemo.app */ = {isa = PBXFileReference; explicitFileType = wrapper.application; includeInIndex = 0; path = CRToastDemo.app; sourceTree = BUILT_PRODUCTS_DIR; };
		5E2FFB5618367C01003333F8 /* Foundation.framework */ = {isa = PBXFileReference; lastKnownFileType = wrapper.framework; name = Foundation.framework; path = System/Library/Frameworks/Foundation.framework; sourceTree = SDKROOT; };
		5E2FFB5818367C01003333F8 /* CoreGraphics.framework */ = {isa = PBXFileReference; lastKnownFileType = wrapper.framework; name = CoreGraphics.framework; path = System/Library/Frameworks/CoreGraphics.framework; sourceTree = SDKROOT; };
		5E2FFB5A18367C01003333F8 /* UIKit.framework */ = {isa = PBXFileReference; lastKnownFileType = wrapper.framework; name = UIKit.framework; path = System/Library/Frameworks/UIKit.framework; sourceTree = SDKROOT; };
		5E2FFB5E18367C01003333F8 /* CRToastDemo-Info.plist */ = {isa = PBXFileReference; lastKnownFileType = text.plist.xml; path = "CRToastDemo-Info.plist"; sourceTree = "<group>"; };
		5E2FFB6018367C01003333F8 /* en */ = {isa = PBXFileReference; lastKnownFileType = text.plist.strings; name = en; path = en.lproj/InfoPlist.strings; sourceTree = "<group>"; };
		5E2FFB6218367C01003333F8 /* main.m */ = {isa = PBXFileReference; lastKnownFileType = sourcecode.c.objc; path = main.m; sourceTree = "<group>"; };
		5E2FFB6418367C01003333F8 /* CRToastDemo-Prefix.pch */ = {isa = PBXFileReference; lastKnownFileType = sourcecode.c.h; path = "CRToastDemo-Prefix.pch"; sourceTree = "<group>"; };
		5E2FFB6518367C01003333F8 /* AppDelegate.h */ = {isa = PBXFileReference; lastKnownFileType = sourcecode.c.h; path = AppDelegate.h; sourceTree = "<group>"; };
		5E2FFB6618367C01003333F8 /* AppDelegate.m */ = {isa = PBXFileReference; lastKnownFileType = sourcecode.c.objc; path = AppDelegate.m; sourceTree = "<group>"; };
		5E2FFB6818367C01003333F8 /* Images.xcassets */ = {isa = PBXFileReference; lastKnownFileType = folder.assetcatalog; path = Images.xcassets; sourceTree = "<group>"; };
		5E2FFB6F18367C01003333F8 /* XCTest.framework */ = {isa = PBXFileReference; lastKnownFileType = wrapper.framework; name = XCTest.framework; path = Library/Frameworks/XCTest.framework; sourceTree = DEVELOPER_DIR; };
		5E2FFB8B18367CA3003333F8 /* MainViewController.h */ = {isa = PBXFileReference; fileEncoding = 4; lastKnownFileType = sourcecode.c.h; path = MainViewController.h; sourceTree = "<group>"; };
		5E2FFB8C18367CA3003333F8 /* MainViewController.m */ = {isa = PBXFileReference; fileEncoding = 4; lastKnownFileType = sourcecode.c.objc; path = MainViewController.m; sourceTree = "<group>"; };
		5E2FFB8D18367CA3003333F8 /* MainViewController.xib */ = {isa = PBXFileReference; fileEncoding = 4; lastKnownFileType = file.xib; path = MainViewController.xib; sourceTree = "<group>"; };
/* End PBXFileReference section */

/* Begin PBXFrameworksBuildPhase section */
		5E2FFB5018367C01003333F8 /* Frameworks */ = {
			isa = PBXFrameworksBuildPhase;
			buildActionMask = 2147483647;
			files = (
				5E2FFB5918367C01003333F8 /* CoreGraphics.framework in Frameworks */,
				464D04F01BD2258200E0E90A /* CRToast.framework in Frameworks */,
				5E2FFB5B18367C01003333F8 /* UIKit.framework in Frameworks */,
				5E2FFB5718367C01003333F8 /* Foundation.framework in Frameworks */,
			);
			runOnlyForDeploymentPostprocessing = 0;
		};
/* End PBXFrameworksBuildPhase section */

/* Begin PBXGroup section */
		464D04E01BD2248100E0E90A /* Products */ = {
			isa = PBXGroup;
			children = (
				464D04E61BD2248100E0E90A /* CRToast.framework */,
				464D04E81BD2248100E0E90A /* libCRToast.a */,
				464D04EA1BD2248100E0E90A /* Tests.xctest */,
			);
			name = Products;
			sourceTree = "<group>";
		};
		5E2FFB4A18367C01003333F8 = {
			isa = PBXGroup;
			children = (
				464D04DF1BD2248100E0E90A /* CRToast.xcodeproj */,
				5E2FFB5C18367C01003333F8 /* CRToastDemo */,
				5E2FFB5518367C01003333F8 /* Frameworks */,
				5E2FFB5418367C01003333F8 /* Products */,
			);
			sourceTree = "<group>";
		};
		5E2FFB5418367C01003333F8 /* Products */ = {
			isa = PBXGroup;
			children = (
				5E2FFB5318367C01003333F8 /* CRToastDemo.app */,
			);
			name = Products;
			sourceTree = "<group>";
		};
		5E2FFB5518367C01003333F8 /* Frameworks */ = {
			isa = PBXGroup;
			children = (
				5E2FFB5618367C01003333F8 /* Foundation.framework */,
				5E2FFB5818367C01003333F8 /* CoreGraphics.framework */,
				5E2FFB5A18367C01003333F8 /* UIKit.framework */,
				5E2FFB6F18367C01003333F8 /* XCTest.framework */,
			);
			name = Frameworks;
			sourceTree = "<group>";
		};
		5E2FFB5C18367C01003333F8 /* CRToastDemo */ = {
			isa = PBXGroup;
			children = (
				5E2FFB6518367C01003333F8 /* AppDelegate.h */,
				5E2FFB6618367C01003333F8 /* AppDelegate.m */,
				5E2FFB8B18367CA3003333F8 /* MainViewController.h */,
				5E2FFB8C18367CA3003333F8 /* MainViewController.m */,
				5E2FFB8D18367CA3003333F8 /* MainViewController.xib */,
				5E2FFB6818367C01003333F8 /* Images.xcassets */,
				5E2FFB5D18367C01003333F8 /* Supporting Files */,
			);
			path = CRToastDemo;
			sourceTree = "<group>";
		};
		5E2FFB5D18367C01003333F8 /* Supporting Files */ = {
			isa = PBXGroup;
			children = (
				5E2FFB5E18367C01003333F8 /* CRToastDemo-Info.plist */,
				5E2FFB5F18367C01003333F8 /* InfoPlist.strings */,
				5E2FFB6218367C01003333F8 /* main.m */,
				5E2FFB6418367C01003333F8 /* CRToastDemo-Prefix.pch */,
			);
			name = "Supporting Files";
			sourceTree = "<group>";
		};
/* End PBXGroup section */

/* Begin PBXNativeTarget section */
		5E2FFB5218367C01003333F8 /* CRToastDemo */ = {
			isa = PBXNativeTarget;
			buildConfigurationList = 5E2FFB7F18367C01003333F8 /* Build configuration list for PBXNativeTarget "CRToastDemo" */;
			buildPhases = (
				5E2FFB4F18367C01003333F8 /* Sources */,
				5E2FFB5018367C01003333F8 /* Frameworks */,
				5E2FFB5118367C01003333F8 /* Resources */,
				464D04F41BD2258300E0E90A /* Embed Frameworks */,
			);
			buildRules = (
			);
			dependencies = (
				464D04F31BD2258200E0E90A /* PBXTargetDependency */,
			);
			name = CRToastDemo;
			productName = CWNotificationDemo;
			productReference = 5E2FFB5318367C01003333F8 /* CRToastDemo.app */;
			productType = "com.apple.product-type.application";
		};
/* End PBXNativeTarget section */

/* Begin PBXProject section */
		5E2FFB4B18367C01003333F8 /* Project object */ = {
			isa = PBXProject;
			attributes = {
				LastUpgradeCheck = 0700;
				ORGANIZATIONNAME = "Collin Ruffenach";
				TargetAttributes = {
					5E2FFB5218367C01003333F8 = {
						DevelopmentTeam = 7AM27DZVQU;
					};
				};
			};
			buildConfigurationList = 5E2FFB4E18367C01003333F8 /* Build configuration list for PBXProject "CRToastDemo" */;
			compatibilityVersion = "Xcode 3.2";
			developmentRegion = English;
			hasScannedForEncodings = 0;
			knownRegions = (
				en,
			);
			mainGroup = 5E2FFB4A18367C01003333F8;
			productRefGroup = 5E2FFB5418367C01003333F8 /* Products */;
			projectDirPath = "";
			projectReferences = (
				{
					ProductGroup = 464D04E01BD2248100E0E90A /* Products */;
					ProjectRef = 464D04DF1BD2248100E0E90A /* CRToast.xcodeproj */;
				},
			);
			projectRoot = "";
			targets = (
				5E2FFB5218367C01003333F8 /* CRToastDemo */,
			);
		};
/* End PBXProject section */

/* Begin PBXReferenceProxy section */
		464D04E61BD2248100E0E90A /* CRToast.framework */ = {
			isa = PBXReferenceProxy;
			fileType = wrapper.framework;
			path = CRToast.framework;
			remoteRef = 464D04E51BD2248100E0E90A /* PBXContainerItemProxy */;
			sourceTree = BUILT_PRODUCTS_DIR;
		};
		464D04E81BD2248100E0E90A /* libCRToast.a */ = {
			isa = PBXReferenceProxy;
			fileType = archive.ar;
			path = libCRToast.a;
			remoteRef = 464D04E71BD2248100E0E90A /* PBXContainerItemProxy */;
			sourceTree = BUILT_PRODUCTS_DIR;
		};
		464D04EA1BD2248100E0E90A /* Tests.xctest */ = {
			isa = PBXReferenceProxy;
			fileType = wrapper.cfbundle;
			path = Tests.xctest;
			remoteRef = 464D04E91BD2248100E0E90A /* PBXContainerItemProxy */;
			sourceTree = BUILT_PRODUCTS_DIR;
		};
/* End PBXReferenceProxy section */

/* Begin PBXResourcesBuildPhase section */
		5E2FFB5118367C01003333F8 /* Resources */ = {
			isa = PBXResourcesBuildPhase;
			buildActionMask = 2147483647;
			files = (
				5E2FFB6118367C01003333F8 /* InfoPlist.strings in Resources */,
				5E2FFB8F18367CA3003333F8 /* MainViewController.xib in Resources */,
				5E2FFB6918367C01003333F8 /* Images.xcassets in Resources */,
			);
			runOnlyForDeploymentPostprocessing = 0;
		};
/* End PBXResourcesBuildPhase section */

/* Begin PBXSourcesBuildPhase section */
		5E2FFB4F18367C01003333F8 /* Sources */ = {
			isa = PBXSourcesBuildPhase;
			buildActionMask = 2147483647;
			files = (
				5E2FFB6718367C01003333F8 /* AppDelegate.m in Sources */,
				5E2FFB6318367C01003333F8 /* main.m in Sources */,
				5E2FFB8E18367CA3003333F8 /* MainViewController.m in Sources */,
			);
			runOnlyForDeploymentPostprocessing = 0;
		};
/* End PBXSourcesBuildPhase section */

/* Begin PBXTargetDependency section */
		464D04F31BD2258200E0E90A /* PBXTargetDependency */ = {
			isa = PBXTargetDependency;
			name = CRToast;
			targetProxy = 464D04F21BD2258200E0E90A /* PBXContainerItemProxy */;
		};
/* End PBXTargetDependency section */

/* Begin PBXVariantGroup section */
		5E2FFB5F18367C01003333F8 /* InfoPlist.strings */ = {
			isa = PBXVariantGroup;
			children = (
				5E2FFB6018367C01003333F8 /* en */,
			);
			name = InfoPlist.strings;
			sourceTree = "<group>";
		};
/* End PBXVariantGroup section */

/* Begin XCBuildConfiguration section */
		5E2FFB7D18367C01003333F8 /* Debug */ = {
			isa = XCBuildConfiguration;
			buildSettings = {
				ALWAYS_SEARCH_USER_PATHS = NO;
				CLANG_CXX_LANGUAGE_STANDARD = "gnu++0x";
				CLANG_CXX_LIBRARY = "libc++";
				CLANG_ENABLE_MODULES = YES;
				CLANG_ENABLE_OBJC_ARC = YES;
				CLANG_WARN_BOOL_CONVERSION = YES;
				CLANG_WARN_CONSTANT_CONVERSION = YES;
				CLANG_WARN_DIRECT_OBJC_ISA_USAGE = YES_ERROR;
				CLANG_WARN_EMPTY_BODY = YES;
				CLANG_WARN_ENUM_CONVERSION = YES;
				CLANG_WARN_INT_CONVERSION = YES;
				CLANG_WARN_OBJC_ROOT_CLASS = YES_ERROR;
				CLANG_WARN__DUPLICATE_METHOD_MATCH = YES;
				"CODE_SIGN_IDENTITY[sdk=iphoneos*]" = "iPhone Developer";
				COPY_PHASE_STRIP = NO;
				ENABLE_TESTABILITY = YES;
				GCC_C_LANGUAGE_STANDARD = gnu99;
				GCC_DYNAMIC_NO_PIC = NO;
				GCC_OPTIMIZATION_LEVEL = 0;
				GCC_PREPROCESSOR_DEFINITIONS = (
					"DEBUG=1",
					"$(inherited)",
				);
				GCC_SYMBOLS_PRIVATE_EXTERN = NO;
				GCC_WARN_64_TO_32_BIT_CONVERSION = YES;
				GCC_WARN_ABOUT_RETURN_TYPE = YES_ERROR;
				GCC_WARN_UNDECLARED_SELECTOR = YES;
				GCC_WARN_UNINITIALIZED_AUTOS = YES;
				GCC_WARN_UNUSED_FUNCTION = YES;
				GCC_WARN_UNUSED_VARIABLE = YES;
				IPHONEOS_DEPLOYMENT_TARGET = 7.0;
				ONLY_ACTIVE_ARCH = YES;
				SDKROOT = iphoneos;
				TARGETED_DEVICE_FAMILY = "1,2";
			};
			name = Debug;
		};
		5E2FFB7E18367C01003333F8 /* Release */ = {
			isa = XCBuildConfiguration;
			buildSettings = {
				ALWAYS_SEARCH_USER_PATHS = NO;
				CLANG_CXX_LANGUAGE_STANDARD = "gnu++0x";
				CLANG_CXX_LIBRARY = "libc++";
				CLANG_ENABLE_MODULES = YES;
				CLANG_ENABLE_OBJC_ARC = YES;
				CLANG_WARN_BOOL_CONVERSION = YES;
				CLANG_WARN_CONSTANT_CONVERSION = YES;
				CLANG_WARN_DIRECT_OBJC_ISA_USAGE = YES_ERROR;
				CLANG_WARN_EMPTY_BODY = YES;
				CLANG_WARN_ENUM_CONVERSION = YES;
				CLANG_WARN_INT_CONVERSION = YES;
				CLANG_WARN_OBJC_ROOT_CLASS = YES_ERROR;
				CLANG_WARN__DUPLICATE_METHOD_MATCH = YES;
				"CODE_SIGN_IDENTITY[sdk=iphoneos*]" = "iPhone Developer";
				COPY_PHASE_STRIP = YES;
				ENABLE_NS_ASSERTIONS = NO;
				GCC_C_LANGUAGE_STANDARD = gnu99;
				GCC_WARN_64_TO_32_BIT_CONVERSION = YES;
				GCC_WARN_ABOUT_RETURN_TYPE = YES_ERROR;
				GCC_WARN_UNDECLARED_SELECTOR = YES;
				GCC_WARN_UNINITIALIZED_AUTOS = YES;
				GCC_WARN_UNUSED_FUNCTION = YES;
				GCC_WARN_UNUSED_VARIABLE = YES;
				IPHONEOS_DEPLOYMENT_TARGET = 7.0;
				SDKROOT = iphoneos;
				TARGETED_DEVICE_FAMILY = "1,2";
				VALIDATE_PRODUCT = YES;
			};
			name = Release;
		};
		5E2FFB8018367C01003333F8 /* Debug */ = {
			isa = XCBuildConfiguration;
			buildSettings = {
				ASSETCATALOG_COMPILER_APPICON_NAME = AppIcon;
				ASSETCATALOG_COMPILER_LAUNCHIMAGE_NAME = LaunchImage;
				CLANG_WARN_OBJC_EXPLICIT_OWNERSHIP_TYPE = YES;
				CLANG_WARN_OBJC_IMPLICIT_ATOMIC_PROPERTIES = YES;
				CLANG_WARN_OBJC_IMPLICIT_RETAIN_SELF = YES;
				CLANG_WARN_SUSPICIOUS_IMPLICIT_CONVERSION = YES;
				CODE_SIGN_IDENTITY = "iPhone Developer";
				"CODE_SIGN_IDENTITY[sdk=iphoneos*]" = "iPhone Developer";
				GCC_PRECOMPILE_PREFIX_HEADER = YES;
				GCC_PREFIX_HEADER = "CRToastDemo/CRToastDemo-Prefix.pch";
				GCC_WARN_PEDANTIC = YES;
				INFOPLIST_FILE = "CRToastDemo/CRToastDemo-Info.plist";
				IPHONEOS_DEPLOYMENT_TARGET = 8.0;
				LD_RUNPATH_SEARCH_PATHS = "$(inherited) @executable_path/Frameworks";
				PRODUCT_BUNDLE_IDENTIFIER = "${PRODUCT_NAME:rfc1034identifier}";
				PRODUCT_NAME = CRToastDemo;
				PROVISIONING_PROFILE = "";
				RUN_CLANG_STATIC_ANALYZER = YES;
				WRAPPER_EXTENSION = app;
			};
			name = Debug;
		};
		5E2FFB8118367C01003333F8 /* Release */ = {
			isa = XCBuildConfiguration;
			buildSettings = {
				ASSETCATALOG_COMPILER_APPICON_NAME = AppIcon;
				ASSETCATALOG_COMPILER_LAUNCHIMAGE_NAME = LaunchImage;
				CLANG_WARN_OBJC_EXPLICIT_OWNERSHIP_TYPE = YES;
				CLANG_WARN_OBJC_IMPLICIT_ATOMIC_PROPERTIES = YES;
				CLANG_WARN_OBJC_IMPLICIT_RETAIN_SELF = YES;
				CLANG_WARN_SUSPICIOUS_IMPLICIT_CONVERSION = YES;
				CODE_SIGN_IDENTITY = "iPhone Developer";
				"CODE_SIGN_IDENTITY[sdk=iphoneos*]" = "iPhone Developer";
				GCC_PRECOMPILE_PREFIX_HEADER = YES;
				GCC_PREFIX_HEADER = "CRToastDemo/CRToastDemo-Prefix.pch";
				GCC_WARN_PEDANTIC = YES;
				INFOPLIST_FILE = "CRToastDemo/CRToastDemo-Info.plist";
				IPHONEOS_DEPLOYMENT_TARGET = 8.0;
				LD_RUNPATH_SEARCH_PATHS = "$(inherited) @executable_path/Frameworks";
				PRODUCT_BUNDLE_IDENTIFIER = "${PRODUCT_NAME:rfc1034identifier}";
				PRODUCT_NAME = CRToastDemo;
				PROVISIONING_PROFILE = "";
				RUN_CLANG_STATIC_ANALYZER = YES;
				WRAPPER_EXTENSION = app;
			};
			name = Release;
		};
/* End XCBuildConfiguration section */

/* Begin XCConfigurationList section */
		5E2FFB4E18367C01003333F8 /* Build configuration list for PBXProject "CRToastDemo" */ = {
			isa = XCConfigurationList;
			buildConfigurations = (
				5E2FFB7D18367C01003333F8 /* Debug */,
				5E2FFB7E18367C01003333F8 /* Release */,
			);
			defaultConfigurationIsVisible = 0;
			defaultConfigurationName = Release;
		};
		5E2FFB7F18367C01003333F8 /* Build configuration list for PBXNativeTarget "CRToastDemo" */ = {
			isa = XCConfigurationList;
			buildConfigurations = (
				5E2FFB8018367C01003333F8 /* Debug */,
				5E2FFB8118367C01003333F8 /* Release */,
			);
			defaultConfigurationIsVisible = 0;
			defaultConfigurationName = Release;
		};
/* End XCConfigurationList section */
	};
	rootObject = 5E2FFB4B18367C01003333F8 /* Project object */;
}
